// !$*UTF8*$!
{
	archiveVersion = 1;
	classes = {
	};
	objectVersion = 60;
	objects = {

/* Begin PBXBuildFile section */
		A1CE25752AAF96560015B542 /* TicketmasterApp.swift in Sources */ = {isa = PBXBuildFile; fileRef = A1CE25742AAF96560015B542 /* TicketmasterApp.swift */; };
		A1CE25772AAF96560015B542 /* ContentView.swift in Sources */ = {isa = PBXBuildFile; fileRef = A1CE25762AAF96560015B542 /* ContentView.swift */; };
		A1CE25792AAF96560015B542 /* Item.swift in Sources */ = {isa = PBXBuildFile; fileRef = A1CE25782AAF96560015B542 /* Item.swift */; };
		A1CE257B2AAF96580015B542 /* Assets.xcassets in Resources */ = {isa = PBXBuildFile; fileRef = A1CE257A2AAF96580015B542 /* Assets.xcassets */; };
		A1CE257E2AAF96580015B542 /* Preview Assets.xcassets in Resources */ = {isa = PBXBuildFile; fileRef = A1CE257D2AAF96580015B542 /* Preview Assets.xcassets */; };
		A1CE25882AAF96580015B542 /* TicketmasterTests.swift in Sources */ = {isa = PBXBuildFile; fileRef = A1CE25872AAF96580015B542 /* TicketmasterTests.swift */; };
		A1CE25922AAF96580015B542 /* TicketmasterUITests.swift in Sources */ = {isa = PBXBuildFile; fileRef = A1CE25912AAF96580015B542 /* TicketmasterUITests.swift */; };
		A1CE25942AAF96580015B542 /* TicketmasterUITestsLaunchTests.swift in Sources */ = {isa = PBXBuildFile; fileRef = A1CE25932AAF96580015B542 /* TicketmasterUITestsLaunchTests.swift */; };
		A1CE25A42AAF96B10015B542 /* APIClient in Frameworks */ = {isa = PBXBuildFile; productRef = A1CE25A32AAF96B10015B542 /* APIClient */; };
		A1CE25A72AAF99F70015B542 /* TicketmasterClient in Frameworks */ = {isa = PBXBuildFile; productRef = A1CE25A62AAF99F70015B542 /* TicketmasterClient */; };
/* End PBXBuildFile section */

/* Begin PBXContainerItemProxy section */
		A1CE25842AAF96580015B542 /* PBXContainerItemProxy */ = {
			isa = PBXContainerItemProxy;
			containerPortal = A1CE25692AAF96560015B542 /* Project object */;
			proxyType = 1;
			remoteGlobalIDString = A1CE25702AAF96560015B542;
			remoteInfo = Ticketmaster;
		};
		A1CE258E2AAF96580015B542 /* PBXContainerItemProxy */ = {
			isa = PBXContainerItemProxy;
			containerPortal = A1CE25692AAF96560015B542 /* Project object */;
			proxyType = 1;
			remoteGlobalIDString = A1CE25702AAF96560015B542;
			remoteInfo = Ticketmaster;
		};
/* End PBXContainerItemProxy section */

/* Begin PBXFileReference section */
		A1CE25712AAF96560015B542 /* Ticketmaster.app */ = {isa = PBXFileReference; explicitFileType = wrapper.application; includeInIndex = 0; path = Ticketmaster.app; sourceTree = BUILT_PRODUCTS_DIR; };
		A1CE25742AAF96560015B542 /* TicketmasterApp.swift */ = {isa = PBXFileReference; lastKnownFileType = sourcecode.swift; path = TicketmasterApp.swift; sourceTree = "<group>"; };
		A1CE25762AAF96560015B542 /* ContentView.swift */ = {isa = PBXFileReference; lastKnownFileType = sourcecode.swift; path = ContentView.swift; sourceTree = "<group>"; };
		A1CE25782AAF96560015B542 /* Item.swift */ = {isa = PBXFileReference; lastKnownFileType = sourcecode.swift; path = Item.swift; sourceTree = "<group>"; };
		A1CE257A2AAF96580015B542 /* Assets.xcassets */ = {isa = PBXFileReference; lastKnownFileType = folder.assetcatalog; path = Assets.xcassets; sourceTree = "<group>"; };
		A1CE257D2AAF96580015B542 /* Preview Assets.xcassets */ = {isa = PBXFileReference; lastKnownFileType = folder.assetcatalog; path = "Preview Assets.xcassets"; sourceTree = "<group>"; };
		A1CE25832AAF96580015B542 /* TicketmasterTests.xctest */ = {isa = PBXFileReference; explicitFileType = wrapper.cfbundle; includeInIndex = 0; path = TicketmasterTests.xctest; sourceTree = BUILT_PRODUCTS_DIR; };
		A1CE25872AAF96580015B542 /* TicketmasterTests.swift */ = {isa = PBXFileReference; lastKnownFileType = sourcecode.swift; path = TicketmasterTests.swift; sourceTree = "<group>"; };
		A1CE258D2AAF96580015B542 /* TicketmasterUITests.xctest */ = {isa = PBXFileReference; explicitFileType = wrapper.cfbundle; includeInIndex = 0; path = TicketmasterUITests.xctest; sourceTree = BUILT_PRODUCTS_DIR; };
		A1CE25912AAF96580015B542 /* TicketmasterUITests.swift */ = {isa = PBXFileReference; lastKnownFileType = sourcecode.swift; path = TicketmasterUITests.swift; sourceTree = "<group>"; };
		A1CE25932AAF96580015B542 /* TicketmasterUITestsLaunchTests.swift */ = {isa = PBXFileReference; lastKnownFileType = sourcecode.swift; path = TicketmasterUITestsLaunchTests.swift; sourceTree = "<group>"; };
/* End PBXFileReference section */

/* Begin PBXFrameworksBuildPhase section */
		A1CE256E2AAF96560015B542 /* Frameworks */ = {
			isa = PBXFrameworksBuildPhase;
			buildActionMask = 2147483647;
			files = (
				A1CE25A42AAF96B10015B542 /* APIClient in Frameworks */,
				A1CE25A72AAF99F70015B542 /* TicketmasterClient in Frameworks */,
			);
			runOnlyForDeploymentPostprocessing = 0;
		};
		A1CE25802AAF96580015B542 /* Frameworks */ = {
			isa = PBXFrameworksBuildPhase;
			buildActionMask = 2147483647;
			files = (
			);
			runOnlyForDeploymentPostprocessing = 0;
		};
		A1CE258A2AAF96580015B542 /* Frameworks */ = {
			isa = PBXFrameworksBuildPhase;
			buildActionMask = 2147483647;
			files = (
			);
			runOnlyForDeploymentPostprocessing = 0;
		};
/* End PBXFrameworksBuildPhase section */

/* Begin PBXGroup section */
		A1CE25682AAF96560015B542 = {
			isa = PBXGroup;
			children = (
				A1CE25732AAF96560015B542 /* Ticketmaster */,
				A1CE25862AAF96580015B542 /* TicketmasterTests */,
				A1CE25902AAF96580015B542 /* TicketmasterUITests */,
				A1CE25722AAF96560015B542 /* Products */,
			);
			sourceTree = "<group>";
		};
		A1CE25722AAF96560015B542 /* Products */ = {
			isa = PBXGroup;
			children = (
				A1CE25712AAF96560015B542 /* Ticketmaster.app */,
				A1CE25832AAF96580015B542 /* TicketmasterTests.xctest */,
				A1CE258D2AAF96580015B542 /* TicketmasterUITests.xctest */,
			);
			name = Products;
			sourceTree = "<group>";
		};
		A1CE25732AAF96560015B542 /* Ticketmaster */ = {
			isa = PBXGroup;
			children = (
				A1CE25742AAF96560015B542 /* TicketmasterApp.swift */,
				A1CE25762AAF96560015B542 /* ContentView.swift */,
				A1CE25782AAF96560015B542 /* Item.swift */,
				A1CE257A2AAF96580015B542 /* Assets.xcassets */,
				A1CE257C2AAF96580015B542 /* Preview Content */,
			);
			path = Ticketmaster;
			sourceTree = "<group>";
		};
		A1CE257C2AAF96580015B542 /* Preview Content */ = {
			isa = PBXGroup;
			children = (
				A1CE257D2AAF96580015B542 /* Preview Assets.xcassets */,
			);
			path = "Preview Content";
			sourceTree = "<group>";
		};
		A1CE25862AAF96580015B542 /* TicketmasterTests */ = {
			isa = PBXGroup;
			children = (
				A1CE25872AAF96580015B542 /* TicketmasterTests.swift */,
			);
			path = TicketmasterTests;
			sourceTree = "<group>";
		};
		A1CE25902AAF96580015B542 /* TicketmasterUITests */ = {
			isa = PBXGroup;
			children = (
				A1CE25912AAF96580015B542 /* TicketmasterUITests.swift */,
				A1CE25932AAF96580015B542 /* TicketmasterUITestsLaunchTests.swift */,
			);
			path = TicketmasterUITests;
			sourceTree = "<group>";
		};
/* End PBXGroup section */

/* Begin PBXNativeTarget section */
		A1CE25702AAF96560015B542 /* Ticketmaster */ = {
			isa = PBXNativeTarget;
			buildConfigurationList = A1CE25972AAF96580015B542 /* Build configuration list for PBXNativeTarget "Ticketmaster" */;
			buildPhases = (
				A1CE256D2AAF96560015B542 /* Sources */,
				A1CE256E2AAF96560015B542 /* Frameworks */,
				A1CE256F2AAF96560015B542 /* Resources */,
			);
			buildRules = (
			);
			dependencies = (
			);
			name = Ticketmaster;
			packageProductDependencies = (
				A1CE25A32AAF96B10015B542 /* APIClient */,
				A1CE25A62AAF99F70015B542 /* TicketmasterClient */,
			);
			productName = Ticketmaster;
			productReference = A1CE25712AAF96560015B542 /* Ticketmaster.app */;
			productType = "com.apple.product-type.application";
		};
		A1CE25822AAF96580015B542 /* TicketmasterTests */ = {
			isa = PBXNativeTarget;
			buildConfigurationList = A1CE259A2AAF96580015B542 /* Build configuration list for PBXNativeTarget "TicketmasterTests" */;
			buildPhases = (
				A1CE257F2AAF96580015B542 /* Sources */,
				A1CE25802AAF96580015B542 /* Frameworks */,
				A1CE25812AAF96580015B542 /* Resources */,
			);
			buildRules = (
			);
			dependencies = (
				A1CE25852AAF96580015B542 /* PBXTargetDependency */,
			);
			name = TicketmasterTests;
			productName = TicketmasterTests;
			productReference = A1CE25832AAF96580015B542 /* TicketmasterTests.xctest */;
			productType = "com.apple.product-type.bundle.unit-test";
		};
		A1CE258C2AAF96580015B542 /* TicketmasterUITests */ = {
			isa = PBXNativeTarget;
			buildConfigurationList = A1CE259D2AAF96580015B542 /* Build configuration list for PBXNativeTarget "TicketmasterUITests" */;
			buildPhases = (
				A1CE25892AAF96580015B542 /* Sources */,
				A1CE258A2AAF96580015B542 /* Frameworks */,
				A1CE258B2AAF96580015B542 /* Resources */,
			);
			buildRules = (
			);
			dependencies = (
				A1CE258F2AAF96580015B542 /* PBXTargetDependency */,
			);
			name = TicketmasterUITests;
			productName = TicketmasterUITests;
			productReference = A1CE258D2AAF96580015B542 /* TicketmasterUITests.xctest */;
			productType = "com.apple.product-type.bundle.ui-testing";
		};
/* End PBXNativeTarget section */

/* Begin PBXProject section */
		A1CE25692AAF96560015B542 /* Project object */ = {
			isa = PBXProject;
			attributes = {
				BuildIndependentTargetsInParallel = 1;
				LastSwiftUpdateCheck = 1500;
				LastUpgradeCheck = 1500;
				TargetAttributes = {
					A1CE25702AAF96560015B542 = {
						CreatedOnToolsVersion = 15.0;
					};
					A1CE25822AAF96580015B542 = {
						CreatedOnToolsVersion = 15.0;
						TestTargetID = A1CE25702AAF96560015B542;
					};
					A1CE258C2AAF96580015B542 = {
						CreatedOnToolsVersion = 15.0;
						TestTargetID = A1CE25702AAF96560015B542;
					};
				};
			};
			buildConfigurationList = A1CE256C2AAF96560015B542 /* Build configuration list for PBXProject "Ticketmaster" */;
			compatibilityVersion = "Xcode 14.0";
			developmentRegion = en;
			hasScannedForEncodings = 0;
			knownRegions = (
				en,
				Base,
			);
			mainGroup = A1CE25682AAF96560015B542;
			packageReferences = (
				A1CE25A52AAF99F70015B542 /* XCLocalSwiftPackageReference "Local Packages/TicketmasterClient" */,
			);
			productRefGroup = A1CE25722AAF96560015B542 /* Products */;
			projectDirPath = "";
			projectRoot = "";
			targets = (
				A1CE25702AAF96560015B542 /* Ticketmaster */,
				A1CE25822AAF96580015B542 /* TicketmasterTests */,
				A1CE258C2AAF96580015B542 /* TicketmasterUITests */,
			);
		};
/* End PBXProject section */

/* Begin PBXResourcesBuildPhase section */
		A1CE256F2AAF96560015B542 /* Resources */ = {
			isa = PBXResourcesBuildPhase;
			buildActionMask = 2147483647;
			files = (
				A1CE257E2AAF96580015B542 /* Preview Assets.xcassets in Resources */,
				A1CE257B2AAF96580015B542 /* Assets.xcassets in Resources */,
			);
			runOnlyForDeploymentPostprocessing = 0;
		};
		A1CE25812AAF96580015B542 /* Resources */ = {
			isa = PBXResourcesBuildPhase;
			buildActionMask = 2147483647;
			files = (
			);
			runOnlyForDeploymentPostprocessing = 0;
		};
		A1CE258B2AAF96580015B542 /* Resources */ = {
			isa = PBXResourcesBuildPhase;
			buildActionMask = 2147483647;
			files = (
			);
			runOnlyForDeploymentPostprocessing = 0;
		};
/* End PBXResourcesBuildPhase section */

/* Begin PBXSourcesBuildPhase section */
		A1CE256D2AAF96560015B542 /* Sources */ = {
			isa = PBXSourcesBuildPhase;
			buildActionMask = 2147483647;
			files = (
				A1CE25772AAF96560015B542 /* ContentView.swift in Sources */,
				A1CE25792AAF96560015B542 /* Item.swift in Sources */,
				A1CE25752AAF96560015B542 /* TicketmasterApp.swift in Sources */,
			);
			runOnlyForDeploymentPostprocessing = 0;
		};
		A1CE257F2AAF96580015B542 /* Sources */ = {
			isa = PBXSourcesBuildPhase;
			buildActionMask = 2147483647;
			files = (
				A1CE25882AAF96580015B542 /* TicketmasterTests.swift in Sources */,
			);
			runOnlyForDeploymentPostprocessing = 0;
		};
		A1CE25892AAF96580015B542 /* Sources */ = {
			isa = PBXSourcesBuildPhase;
			buildActionMask = 2147483647;
			files = (
				A1CE25942AAF96580015B542 /* TicketmasterUITestsLaunchTests.swift in Sources */,
				A1CE25922AAF96580015B542 /* TicketmasterUITests.swift in Sources */,
			);
			runOnlyForDeploymentPostprocessing = 0;
		};
/* End PBXSourcesBuildPhase section */

/* Begin PBXTargetDependency section */
		A1CE25852AAF96580015B542 /* PBXTargetDependency */ = {
			isa = PBXTargetDependency;
			target = A1CE25702AAF96560015B542 /* Ticketmaster */;
			targetProxy = A1CE25842AAF96580015B542 /* PBXContainerItemProxy */;
		};
		A1CE258F2AAF96580015B542 /* PBXTargetDependency */ = {
			isa = PBXTargetDependency;
			target = A1CE25702AAF96560015B542 /* Ticketmaster */;
			targetProxy = A1CE258E2AAF96580015B542 /* PBXContainerItemProxy */;
		};
/* End PBXTargetDependency section */

/* Begin XCBuildConfiguration section */
		A1CE25952AAF96580015B542 /* Debug */ = {
			isa = XCBuildConfiguration;
			buildSettings = {
				ALWAYS_SEARCH_USER_PATHS = NO;
				ASSETCATALOG_COMPILER_GENERATE_SWIFT_ASSET_SYMBOL_EXTENSIONS = YES;
				CLANG_ANALYZER_NONNULL = YES;
				CLANG_ANALYZER_NUMBER_OBJECT_CONVERSION = YES_AGGRESSIVE;
				CLANG_CXX_LANGUAGE_STANDARD = "gnu++20";
				CLANG_ENABLE_MODULES = YES;
				CLANG_ENABLE_OBJC_ARC = YES;
				CLANG_ENABLE_OBJC_WEAK = YES;
				CLANG_WARN_BLOCK_CAPTURE_AUTORELEASING = YES;
				CLANG_WARN_BOOL_CONVERSION = YES;
				CLANG_WARN_COMMA = YES;
				CLANG_WARN_CONSTANT_CONVERSION = YES;
				CLANG_WARN_DEPRECATED_OBJC_IMPLEMENTATIONS = YES;
				CLANG_WARN_DIRECT_OBJC_ISA_USAGE = YES_ERROR;
				CLANG_WARN_DOCUMENTATION_COMMENTS = YES;
				CLANG_WARN_EMPTY_BODY = YES;
				CLANG_WARN_ENUM_CONVERSION = YES;
				CLANG_WARN_INFINITE_RECURSION = YES;
				CLANG_WARN_INT_CONVERSION = YES;
				CLANG_WARN_NON_LITERAL_NULL_CONVERSION = YES;
				CLANG_WARN_OBJC_IMPLICIT_RETAIN_SELF = YES;
				CLANG_WARN_OBJC_LITERAL_CONVERSION = YES;
				CLANG_WARN_OBJC_ROOT_CLASS = YES_ERROR;
				CLANG_WARN_QUOTED_INCLUDE_IN_FRAMEWORK_HEADER = YES;
				CLANG_WARN_RANGE_LOOP_ANALYSIS = YES;
				CLANG_WARN_STRICT_PROTOTYPES = YES;
				CLANG_WARN_SUSPICIOUS_MOVE = YES;
				CLANG_WARN_UNGUARDED_AVAILABILITY = YES_AGGRESSIVE;
				CLANG_WARN_UNREACHABLE_CODE = YES;
				CLANG_WARN__DUPLICATE_METHOD_MATCH = YES;
				COPY_PHASE_STRIP = NO;
				DEBUG_INFORMATION_FORMAT = dwarf;
				ENABLE_STRICT_OBJC_MSGSEND = YES;
				ENABLE_TESTABILITY = YES;
				ENABLE_USER_SCRIPT_SANDBOXING = YES;
				GCC_C_LANGUAGE_STANDARD = gnu17;
				GCC_DYNAMIC_NO_PIC = NO;
				GCC_NO_COMMON_BLOCKS = YES;
				GCC_OPTIMIZATION_LEVEL = 0;
				GCC_PREPROCESSOR_DEFINITIONS = (
					"DEBUG=1",
					"$(inherited)",
				);
				GCC_WARN_64_TO_32_BIT_CONVERSION = YES;
				GCC_WARN_ABOUT_RETURN_TYPE = YES_ERROR;
				GCC_WARN_UNDECLARED_SELECTOR = YES;
				GCC_WARN_UNINITIALIZED_AUTOS = YES_AGGRESSIVE;
				GCC_WARN_UNUSED_FUNCTION = YES;
				GCC_WARN_UNUSED_VARIABLE = YES;
				IPHONEOS_DEPLOYMENT_TARGET = 17.0;
				LOCALIZATION_PREFERS_STRING_CATALOGS = YES;
				MTL_ENABLE_DEBUG_INFO = INCLUDE_SOURCE;
				MTL_FAST_MATH = YES;
				ONLY_ACTIVE_ARCH = YES;
				SDKROOT = iphoneos;
				SWIFT_ACTIVE_COMPILATION_CONDITIONS = "DEBUG $(inherited)";
				SWIFT_OPTIMIZATION_LEVEL = "-Onone";
			};
			name = Debug;
		};
		A1CE25962AAF96580015B542 /* Release */ = {
			isa = XCBuildConfiguration;
			buildSettings = {
				ALWAYS_SEARCH_USER_PATHS = NO;
				ASSETCATALOG_COMPILER_GENERATE_SWIFT_ASSET_SYMBOL_EXTENSIONS = YES;
				CLANG_ANALYZER_NONNULL = YES;
				CLANG_ANALYZER_NUMBER_OBJECT_CONVERSION = YES_AGGRESSIVE;
				CLANG_CXX_LANGUAGE_STANDARD = "gnu++20";
				CLANG_ENABLE_MODULES = YES;
				CLANG_ENABLE_OBJC_ARC = YES;
				CLANG_ENABLE_OBJC_WEAK = YES;
				CLANG_WARN_BLOCK_CAPTURE_AUTORELEASING = YES;
				CLANG_WARN_BOOL_CONVERSION = YES;
				CLANG_WARN_COMMA = YES;
				CLANG_WARN_CONSTANT_CONVERSION = YES;
				CLANG_WARN_DEPRECATED_OBJC_IMPLEMENTATIONS = YES;
				CLANG_WARN_DIRECT_OBJC_ISA_USAGE = YES_ERROR;
				CLANG_WARN_DOCUMENTATION_COMMENTS = YES;
				CLANG_WARN_EMPTY_BODY = YES;
				CLANG_WARN_ENUM_CONVERSION = YES;
				CLANG_WARN_INFINITE_RECURSION = YES;
				CLANG_WARN_INT_CONVERSION = YES;
				CLANG_WARN_NON_LITERAL_NULL_CONVERSION = YES;
				CLANG_WARN_OBJC_IMPLICIT_RETAIN_SELF = YES;
				CLANG_WARN_OBJC_LITERAL_CONVERSION = YES;
				CLANG_WARN_OBJC_ROOT_CLASS = YES_ERROR;
				CLANG_WARN_QUOTED_INCLUDE_IN_FRAMEWORK_HEADER = YES;
				CLANG_WARN_RANGE_LOOP_ANALYSIS = YES;
				CLANG_WARN_STRICT_PROTOTYPES = YES;
				CLANG_WARN_SUSPICIOUS_MOVE = YES;
				CLANG_WARN_UNGUARDED_AVAILABILITY = YES_AGGRESSIVE;
				CLANG_WARN_UNREACHABLE_CODE = YES;
				CLANG_WARN__DUPLICATE_METHOD_MATCH = YES;
				COPY_PHASE_STRIP = NO;
				DEBUG_INFORMATION_FORMAT = "dwarf-with-dsym";
				ENABLE_NS_ASSERTIONS = NO;
				ENABLE_STRICT_OBJC_MSGSEND = YES;
				ENABLE_USER_SCRIPT_SANDBOXING = YES;
				GCC_C_LANGUAGE_STANDARD = gnu17;
				GCC_NO_COMMON_BLOCKS = YES;
				GCC_WARN_64_TO_32_BIT_CONVERSION = YES;
				GCC_WARN_ABOUT_RETURN_TYPE = YES_ERROR;
				GCC_WARN_UNDECLARED_SELECTOR = YES;
				GCC_WARN_UNINITIALIZED_AUTOS = YES_AGGRESSIVE;
				GCC_WARN_UNUSED_FUNCTION = YES;
				GCC_WARN_UNUSED_VARIABLE = YES;
				IPHONEOS_DEPLOYMENT_TARGET = 17.0;
				LOCALIZATION_PREFERS_STRING_CATALOGS = YES;
				MTL_ENABLE_DEBUG_INFO = NO;
				MTL_FAST_MATH = YES;
				SDKROOT = iphoneos;
				SWIFT_COMPILATION_MODE = wholemodule;
				VALIDATE_PRODUCT = YES;
			};
			name = Release;
		};
		A1CE25982AAF96580015B542 /* Debug */ = {
			isa = XCBuildConfiguration;
			buildSettings = {
				ASSETCATALOG_COMPILER_APPICON_NAME = AppIcon;
				ASSETCATALOG_COMPILER_GLOBAL_ACCENT_COLOR_NAME = AccentColor;
				CODE_SIGN_STYLE = Automatic;
				CURRENT_PROJECT_VERSION = 1;
				DEVELOPMENT_ASSET_PATHS = "\"Ticketmaster/Preview Content\"";
				DEVELOPMENT_TEAM = ZYF5KSBWFG;
				ENABLE_PREVIEWS = YES;
				GENERATE_INFOPLIST_FILE = YES;
				INFOPLIST_KEY_UIApplicationSceneManifest_Generation = YES;
				INFOPLIST_KEY_UIApplicationSupportsIndirectInputEvents = YES;
				INFOPLIST_KEY_UILaunchScreen_Generation = YES;
				INFOPLIST_KEY_UISupportedInterfaceOrientations_iPad = "UIInterfaceOrientationPortrait UIInterfaceOrientationPortraitUpsideDown UIInterfaceOrientationLandscapeLeft UIInterfaceOrientationLandscapeRight";
				INFOPLIST_KEY_UISupportedInterfaceOrientations_iPhone = "UIInterfaceOrientationPortrait UIInterfaceOrientationLandscapeLeft UIInterfaceOrientationLandscapeRight";
				LD_RUNPATH_SEARCH_PATHS = (
					"$(inherited)",
					"@executable_path/Frameworks",
				);
				MARKETING_VERSION = 1.0;
				PRODUCT_BUNDLE_IDENTIFIER = taptix.net.Ticketmaster;
				PRODUCT_NAME = "$(TARGET_NAME)";
				SWIFT_EMIT_LOC_STRINGS = YES;
				SWIFT_VERSION = 5.0;
				TARGETED_DEVICE_FAMILY = "1,2";
			};
			name = Debug;
		};
		A1CE25992AAF96580015B542 /* Release */ = {
			isa = XCBuildConfiguration;
			buildSettings = {
				ASSETCATALOG_COMPILER_APPICON_NAME = AppIcon;
				ASSETCATALOG_COMPILER_GLOBAL_ACCENT_COLOR_NAME = AccentColor;
				CODE_SIGN_STYLE = Automatic;
				CURRENT_PROJECT_VERSION = 1;
				DEVELOPMENT_ASSET_PATHS = "\"Ticketmaster/Preview Content\"";
				DEVELOPMENT_TEAM = ZYF5KSBWFG;
				ENABLE_PREVIEWS = YES;
				GENERATE_INFOPLIST_FILE = YES;
				INFOPLIST_KEY_UIApplicationSceneManifest_Generation = YES;
				INFOPLIST_KEY_UIApplicationSupportsIndirectInputEvents = YES;
				INFOPLIST_KEY_UILaunchScreen_Generation = YES;
				INFOPLIST_KEY_UISupportedInterfaceOrientations_iPad = "UIInterfaceOrientationPortrait UIInterfaceOrientationPortraitUpsideDown UIInterfaceOrientationLandscapeLeft UIInterfaceOrientationLandscapeRight";
				INFOPLIST_KEY_UISupportedInterfaceOrientations_iPhone = "UIInterfaceOrientationPortrait UIInterfaceOrientationLandscapeLeft UIInterfaceOrientationLandscapeRight";
				LD_RUNPATH_SEARCH_PATHS = (
					"$(inherited)",
					"@executable_path/Frameworks",
				);
				MARKETING_VERSION = 1.0;
				PRODUCT_BUNDLE_IDENTIFIER = taptix.net.Ticketmaster;
				PRODUCT_NAME = "$(TARGET_NAME)";
				SWIFT_EMIT_LOC_STRINGS = YES;
				SWIFT_VERSION = 5.0;
				TARGETED_DEVICE_FAMILY = "1,2";
			};
			name = Release;
		};
		A1CE259B2AAF96580015B542 /* Debug */ = {
			isa = XCBuildConfiguration;
			buildSettings = {
				ALWAYS_EMBED_SWIFT_STANDARD_LIBRARIES = YES;
				BUNDLE_LOADER = "$(TEST_HOST)";
				CODE_SIGN_STYLE = Automatic;
				CURRENT_PROJECT_VERSION = 1;
				DEVELOPMENT_TEAM = ZYF5KSBWFG;
				GENERATE_INFOPLIST_FILE = YES;
				IPHONEOS_DEPLOYMENT_TARGET = 17.0;
				MARKETING_VERSION = 1.0;
				PRODUCT_BUNDLE_IDENTIFIER = taptix.net.TicketmasterTests;
				PRODUCT_NAME = "$(TARGET_NAME)";
				SWIFT_EMIT_LOC_STRINGS = NO;
				SWIFT_VERSION = 5.0;
				TARGETED_DEVICE_FAMILY = "1,2";
				TEST_HOST = "$(BUILT_PRODUCTS_DIR)/Ticketmaster.app/$(BUNDLE_EXECUTABLE_FOLDER_PATH)/Ticketmaster";
			};
			name = Debug;
		};
		A1CE259C2AAF96580015B542 /* Release */ = {
			isa = XCBuildConfiguration;
			buildSettings = {
				ALWAYS_EMBED_SWIFT_STANDARD_LIBRARIES = YES;
				BUNDLE_LOADER = "$(TEST_HOST)";
				CODE_SIGN_STYLE = Automatic;
				CURRENT_PROJECT_VERSION = 1;
				DEVELOPMENT_TEAM = ZYF5KSBWFG;
				GENERATE_INFOPLIST_FILE = YES;
				IPHONEOS_DEPLOYMENT_TARGET = 17.0;
				MARKETING_VERSION = 1.0;
				PRODUCT_BUNDLE_IDENTIFIER = taptix.net.TicketmasterTests;
				PRODUCT_NAME = "$(TARGET_NAME)";
				SWIFT_EMIT_LOC_STRINGS = NO;
				SWIFT_VERSION = 5.0;
				TARGETED_DEVICE_FAMILY = "1,2";
				TEST_HOST = "$(BUILT_PRODUCTS_DIR)/Ticketmaster.app/$(BUNDLE_EXECUTABLE_FOLDER_PATH)/Ticketmaster";
			};
			name = Release;
		};
		A1CE259E2AAF96580015B542 /* Debug */ = {
			isa = XCBuildConfiguration;
			buildSettings = {
				ALWAYS_EMBED_SWIFT_STANDARD_LIBRARIES = YES;
				CODE_SIGN_STYLE = Automatic;
				CURRENT_PROJECT_VERSION = 1;
				DEVELOPMENT_TEAM = ZYF5KSBWFG;
				GENERATE_INFOPLIST_FILE = YES;
				MARKETING_VERSION = 1.0;
				PRODUCT_BUNDLE_IDENTIFIER = taptix.net.TicketmasterUITests;
				PRODUCT_NAME = "$(TARGET_NAME)";
				SWIFT_EMIT_LOC_STRINGS = NO;
				SWIFT_VERSION = 5.0;
				TARGETED_DEVICE_FAMILY = "1,2";
				TEST_TARGET_NAME = Ticketmaster;
			};
			name = Debug;
		};
		A1CE259F2AAF96580015B542 /* Release */ = {
			isa = XCBuildConfiguration;
			buildSettings = {
				ALWAYS_EMBED_SWIFT_STANDARD_LIBRARIES = YES;
				CODE_SIGN_STYLE = Automatic;
				CURRENT_PROJECT_VERSION = 1;
				DEVELOPMENT_TEAM = ZYF5KSBWFG;
				GENERATE_INFOPLIST_FILE = YES;
				MARKETING_VERSION = 1.0;
				PRODUCT_BUNDLE_IDENTIFIER = taptix.net.TicketmasterUITests;
				PRODUCT_NAME = "$(TARGET_NAME)";
				SWIFT_EMIT_LOC_STRINGS = NO;
				SWIFT_VERSION = 5.0;
				TARGETED_DEVICE_FAMILY = "1,2";
				TEST_TARGET_NAME = Ticketmaster;
			};
			name = Release;
		};
/* End XCBuildConfiguration section */

/* Begin XCConfigurationList section */
		A1CE256C2AAF96560015B542 /* Build configuration list for PBXProject "Ticketmaster" */ = {
			isa = XCConfigurationList;
			buildConfigurations = (
				A1CE25952AAF96580015B542 /* Debug */,
				A1CE25962AAF96580015B542 /* Release */,
			);
			defaultConfigurationIsVisible = 0;
			defaultConfigurationName = Release;
		};
		A1CE25972AAF96580015B542 /* Build configuration list for PBXNativeTarget "Ticketmaster" */ = {
			isa = XCConfigurationList;
			buildConfigurations = (
				A1CE25982AAF96580015B542 /* Debug */,
				A1CE25992AAF96580015B542 /* Release */,
			);
			defaultConfigurationIsVisible = 0;
			defaultConfigurationName = Release;
		};
		A1CE259A2AAF96580015B542 /* Build configuration list for PBXNativeTarget "TicketmasterTests" */ = {
			isa = XCConfigurationList;
			buildConfigurations = (
				A1CE259B2AAF96580015B542 /* Debug */,
				A1CE259C2AAF96580015B542 /* Release */,
			);
			defaultConfigurationIsVisible = 0;
			defaultConfigurationName = Release;
		};
		A1CE259D2AAF96580015B542 /* Build configuration list for PBXNativeTarget "TicketmasterUITests" */ = {
			isa = XCConfigurationList;
			buildConfigurations = (
				A1CE259E2AAF96580015B542 /* Debug */,
				A1CE259F2AAF96580015B542 /* Release */,
			);
			defaultConfigurationIsVisible = 0;
			defaultConfigurationName = Release;
		};
/* End XCConfigurationList section */

/* Begin XCLocalSwiftPackageReference section */
		A1CE25A52AAF99F70015B542 /* XCLocalSwiftPackageReference "Local Packages/TicketmasterClient" */ = {
			isa = XCLocalSwiftPackageReference;
			relativePath = "Local Packages/TicketmasterClient";
		};
/* End XCLocalSwiftPackageReference section */

/* Begin XCSwiftPackageProductDependency section */
		A1CE25A32AAF96B10015B542 /* APIClient */ = {
			isa = XCSwiftPackageProductDependency;
			productName = APIClient;
		};
		A1CE25A62AAF99F70015B542 /* TicketmasterClient */ = {
			isa = XCSwiftPackageProductDependency;
			productName = TicketmasterClient;
		};
/* End XCSwiftPackageProductDependency section */
	};
	rootObject = A1CE25692AAF96560015B542 /* Project object */;
}
